// !$*UTF8*$!
{
	archiveVersion = 1;
	classes = {
	};
	objectVersion = 50;
	objects = {

/* Begin PBXBuildFile section */
		BE4BBE0826BB2DE4005D2205 /* Alarm.swift in Sources */ = {isa = PBXBuildFile; fileRef = BE4BBE0726BB2DE4005D2205 /* Alarm.swift */; };
		BE4BBE0A26BB2EDD005D2205 /* AlarmManager.swift in Sources */ = {isa = PBXBuildFile; fileRef = BE4BBE0926BB2EDD005D2205 /* AlarmManager.swift */; };
		BE4BBE0D26BB3001005D2205 /* AddAlarmViewController.swift in Sources */ = {isa = PBXBuildFile; fileRef = BE4BBE0C26BB3001005D2205 /* AddAlarmViewController.swift */; };
		BE4BBE0F26BB3323005D2205 /* AlarmListTableViewController.swift in Sources */ = {isa = PBXBuildFile; fileRef = BE4BBE0E26BB3323005D2205 /* AlarmListTableViewController.swift */; };
		BE4BBE1126BB3E37005D2205 /* FileDataAdapter.swift in Sources */ = {isa = PBXBuildFile; fileRef = BE4BBE1026BB3E37005D2205 /* FileDataAdapter.swift */; };
		BE4BBE1326BC143D005D2205 /* Utility.swift in Sources */ = {isa = PBXBuildFile; fileRef = BE4BBE1226BC143D005D2205 /* Utility.swift */; };
		BE4BBE1626BC16D2005D2205 /* Mozart.mp3 in Resources */ = {isa = PBXBuildFile; fileRef = BE4BBE1526BC16D2005D2205 /* Mozart.mp3 */; };
		BE649F5326BC265E002C10FC /* MathQuizViewController.swift in Sources */ = {isa = PBXBuildFile; fileRef = BE649F5226BC265E002C10FC /* MathQuizViewController.swift */; };
		D7C6F7E726B8D330009198C1 /* AppDelegate.swift in Sources */ = {isa = PBXBuildFile; fileRef = D7C6F7E626B8D330009198C1 /* AppDelegate.swift */; };
		D7C6F7E926B8D330009198C1 /* SceneDelegate.swift in Sources */ = {isa = PBXBuildFile; fileRef = D7C6F7E826B8D330009198C1 /* SceneDelegate.swift */; };
		D7C6F7EB26B8D330009198C1 /* ViewController.swift in Sources */ = {isa = PBXBuildFile; fileRef = D7C6F7EA26B8D330009198C1 /* ViewController.swift */; };
		D7C6F7EE26B8D330009198C1 /* Main.storyboard in Resources */ = {isa = PBXBuildFile; fileRef = D7C6F7EC26B8D330009198C1 /* Main.storyboard */; };
		D7C6F7F026B8D33D009198C1 /* Assets.xcassets in Resources */ = {isa = PBXBuildFile; fileRef = D7C6F7EF26B8D33D009198C1 /* Assets.xcassets */; };
		D7C6F7F326B8D33D009198C1 /* LaunchScreen.storyboard in Resources */ = {isa = PBXBuildFile; fileRef = D7C6F7F126B8D33D009198C1 /* LaunchScreen.storyboard */; };
/* End PBXBuildFile section */

/* Begin PBXFileReference section */
		BE4BBE0726BB2DE4005D2205 /* Alarm.swift */ = {isa = PBXFileReference; lastKnownFileType = sourcecode.swift; path = Alarm.swift; sourceTree = "<group>"; };
		BE4BBE0926BB2EDD005D2205 /* AlarmManager.swift */ = {isa = PBXFileReference; lastKnownFileType = sourcecode.swift; path = AlarmManager.swift; sourceTree = "<group>"; };
		BE4BBE0C26BB3001005D2205 /* AddAlarmViewController.swift */ = {isa = PBXFileReference; lastKnownFileType = sourcecode.swift; path = AddAlarmViewController.swift; sourceTree = "<group>"; };
		BE4BBE0E26BB3323005D2205 /* AlarmListTableViewController.swift */ = {isa = PBXFileReference; lastKnownFileType = sourcecode.swift; path = AlarmListTableViewController.swift; sourceTree = "<group>"; };
		BE4BBE1026BB3E37005D2205 /* FileDataAdapter.swift */ = {isa = PBXFileReference; lastKnownFileType = sourcecode.swift; path = FileDataAdapter.swift; sourceTree = "<group>"; };
		BE4BBE1226BC143D005D2205 /* Utility.swift */ = {isa = PBXFileReference; lastKnownFileType = sourcecode.swift; path = Utility.swift; sourceTree = "<group>"; };
		BE4BBE1526BC16D2005D2205 /* Mozart.mp3 */ = {isa = PBXFileReference; lastKnownFileType = audio.mp3; name = Mozart.mp3; path = "../../../../../Documents/Documents - Michael’s MacBook Pro/Otterbein/Office Class/BF16_ISM/Project Grader Exercises/Additional Exercise Files/Mozart.mp3"; sourceTree = "<group>"; };
		BE649F5226BC265E002C10FC /* MathQuizViewController.swift */ = {isa = PBXFileReference; lastKnownFileType = sourcecode.swift; path = MathQuizViewController.swift; sourceTree = "<group>"; };
		D7C6F7E326B8D330009198C1 /* Quiz Alarm.app */ = {isa = PBXFileReference; explicitFileType = wrapper.application; includeInIndex = 0; path = "Quiz Alarm.app"; sourceTree = BUILT_PRODUCTS_DIR; };
		D7C6F7E626B8D330009198C1 /* AppDelegate.swift */ = {isa = PBXFileReference; lastKnownFileType = sourcecode.swift; path = AppDelegate.swift; sourceTree = "<group>"; };
		D7C6F7E826B8D330009198C1 /* SceneDelegate.swift */ = {isa = PBXFileReference; lastKnownFileType = sourcecode.swift; path = SceneDelegate.swift; sourceTree = "<group>"; };
		D7C6F7EA26B8D330009198C1 /* ViewController.swift */ = {isa = PBXFileReference; lastKnownFileType = sourcecode.swift; path = ViewController.swift; sourceTree = "<group>"; };
		D7C6F7ED26B8D330009198C1 /* Base */ = {isa = PBXFileReference; lastKnownFileType = file.storyboard; name = Base; path = Base.lproj/Main.storyboard; sourceTree = "<group>"; };
		D7C6F7EF26B8D33D009198C1 /* Assets.xcassets */ = {isa = PBXFileReference; lastKnownFileType = folder.assetcatalog; path = Assets.xcassets; sourceTree = "<group>"; };
		D7C6F7F226B8D33D009198C1 /* Base */ = {isa = PBXFileReference; lastKnownFileType = file.storyboard; name = Base; path = Base.lproj/LaunchScreen.storyboard; sourceTree = "<group>"; };
		D7C6F7F426B8D33D009198C1 /* Info.plist */ = {isa = PBXFileReference; lastKnownFileType = text.plist.xml; path = Info.plist; sourceTree = "<group>"; };
/* End PBXFileReference section */

/* Begin PBXFrameworksBuildPhase section */
		D7C6F7E026B8D330009198C1 /* Frameworks */ = {
			isa = PBXFrameworksBuildPhase;
			buildActionMask = 2147483647;
			files = (
			);
			runOnlyForDeploymentPostprocessing = 0;
		};
/* End PBXFrameworksBuildPhase section */

/* Begin PBXGroup section */
		BE4BBE0B26BB2FD9005D2205 /* View Controllers */ = {
			isa = PBXGroup;
			children = (
				D7C6F7EA26B8D330009198C1 /* ViewController.swift */,
				BE4BBE0C26BB3001005D2205 /* AddAlarmViewController.swift */,
				BE4BBE0E26BB3323005D2205 /* AlarmListTableViewController.swift */,
				BE649F5226BC265E002C10FC /* MathQuizViewController.swift */,
			);
			path = "View Controllers";
			sourceTree = "<group>";
		};
		BE4BBE1426BC16A9005D2205 /* Sounds */ = {
			isa = PBXGroup;
			children = (
				BE4BBE1526BC16D2005D2205 /* Mozart.mp3 */,
			);
			path = Sounds;
			sourceTree = "<group>";
		};
		D7C6F7DA26B8D32F009198C1 = {
			isa = PBXGroup;
			children = (
				D7C6F7E526B8D330009198C1 /* Quiz Alarm */,
				D7C6F7E426B8D330009198C1 /* Products */,
			);
			sourceTree = "<group>";
		};
		D7C6F7E426B8D330009198C1 /* Products */ = {
			isa = PBXGroup;
			children = (
				D7C6F7E326B8D330009198C1 /* Quiz Alarm.app */,
			);
			name = Products;
			sourceTree = "<group>";
		};
		D7C6F7E526B8D330009198C1 /* Quiz Alarm */ = {
			isa = PBXGroup;
			children = (
				BE4BBE1426BC16A9005D2205 /* Sounds */,
				BE4BBE0B26BB2FD9005D2205 /* View Controllers */,
				D7C6F7E626B8D330009198C1 /* AppDelegate.swift */,
				D7C6F7E826B8D330009198C1 /* SceneDelegate.swift */,
				D7C6F7EC26B8D330009198C1 /* Main.storyboard */,
				D7C6F7EF26B8D33D009198C1 /* Assets.xcassets */,
				D7C6F7F126B8D33D009198C1 /* LaunchScreen.storyboard */,
				D7C6F7F426B8D33D009198C1 /* Info.plist */,
				BE4BBE0726BB2DE4005D2205 /* Alarm.swift */,
				BE4BBE0926BB2EDD005D2205 /* AlarmManager.swift */,
				BE4BBE1026BB3E37005D2205 /* FileDataAdapter.swift */,
				BE4BBE1226BC143D005D2205 /* Utility.swift */,
			);
			path = "Quiz Alarm";
			sourceTree = "<group>";
		};
/* End PBXGroup section */

/* Begin PBXNativeTarget section */
		D7C6F7E226B8D330009198C1 /* Quiz Alarm */ = {
			isa = PBXNativeTarget;
			buildConfigurationList = D7C6F7F726B8D33D009198C1 /* Build configuration list for PBXNativeTarget "Quiz Alarm" */;
			buildPhases = (
				D7C6F7DF26B8D330009198C1 /* Sources */,
				D7C6F7E026B8D330009198C1 /* Frameworks */,
				D7C6F7E126B8D330009198C1 /* Resources */,
			);
			buildRules = (
			);
			dependencies = (
			);
			name = "Quiz Alarm";
			productName = "Quiz Alarm";
			productReference = D7C6F7E326B8D330009198C1 /* Quiz Alarm.app */;
			productType = "com.apple.product-type.application";
		};
/* End PBXNativeTarget section */

/* Begin PBXProject section */
		D7C6F7DB26B8D32F009198C1 /* Project object */ = {
			isa = PBXProject;
			attributes = {
				LastSwiftUpdateCheck = 1250;
				LastUpgradeCheck = 1250;
				TargetAttributes = {
					D7C6F7E226B8D330009198C1 = {
						CreatedOnToolsVersion = 12.5.1;
					};
				};
			};
			buildConfigurationList = D7C6F7DE26B8D32F009198C1 /* Build configuration list for PBXProject "Quiz Alarm" */;
			compatibilityVersion = "Xcode 9.3";
			developmentRegion = en;
			hasScannedForEncodings = 0;
			knownRegions = (
				en,
				Base,
			);
			mainGroup = D7C6F7DA26B8D32F009198C1;
			productRefGroup = D7C6F7E426B8D330009198C1 /* Products */;
			projectDirPath = "";
			projectRoot = "";
			targets = (
				D7C6F7E226B8D330009198C1 /* Quiz Alarm */,
			);
		};
/* End PBXProject section */

/* Begin PBXResourcesBuildPhase section */
		D7C6F7E126B8D330009198C1 /* Resources */ = {
			isa = PBXResourcesBuildPhase;
			buildActionMask = 2147483647;
			files = (
				D7C6F7F326B8D33D009198C1 /* LaunchScreen.storyboard in Resources */,
				D7C6F7F026B8D33D009198C1 /* Assets.xcassets in Resources */,
				BE4BBE1626BC16D2005D2205 /* Mozart.mp3 in Resources */,
				D7C6F7EE26B8D330009198C1 /* Main.storyboard in Resources */,
			);
			runOnlyForDeploymentPostprocessing = 0;
		};
/* End PBXResourcesBuildPhase section */

/* Begin PBXSourcesBuildPhase section */
		D7C6F7DF26B8D330009198C1 /* Sources */ = {
			isa = PBXSourcesBuildPhase;
			buildActionMask = 2147483647;
			files = (
				BE4BBE0D26BB3001005D2205 /* AddAlarmViewController.swift in Sources */,
				D7C6F7EB26B8D330009198C1 /* ViewController.swift in Sources */,
				BE4BBE1326BC143D005D2205 /* Utility.swift in Sources */,
				D7C6F7E726B8D330009198C1 /* AppDelegate.swift in Sources */,
				BE4BBE1126BB3E37005D2205 /* FileDataAdapter.swift in Sources */,
				D7C6F7E926B8D330009198C1 /* SceneDelegate.swift in Sources */,
				BE4BBE0826BB2DE4005D2205 /* Alarm.swift in Sources */,
				BE4BBE0A26BB2EDD005D2205 /* AlarmManager.swift in Sources */,
				BE4BBE0F26BB3323005D2205 /* AlarmListTableViewController.swift in Sources */,
				BE649F5326BC265E002C10FC /* MathQuizViewController.swift in Sources */,
			);
			runOnlyForDeploymentPostprocessing = 0;
		};
/* End PBXSourcesBuildPhase section */

/* Begin PBXVariantGroup section */
		D7C6F7EC26B8D330009198C1 /* Main.storyboard */ = {
			isa = PBXVariantGroup;
			children = (
				D7C6F7ED26B8D330009198C1 /* Base */,
			);
			name = Main.storyboard;
			sourceTree = "<group>";
		};
		D7C6F7F126B8D33D009198C1 /* LaunchScreen.storyboard */ = {
			isa = PBXVariantGroup;
			children = (
				D7C6F7F226B8D33D009198C1 /* Base */,
			);
			name = LaunchScreen.storyboard;
			sourceTree = "<group>";
		};
/* End PBXVariantGroup section */

/* Begin XCBuildConfiguration section */
		D7C6F7F526B8D33D009198C1 /* Debug */ = {
			isa = XCBuildConfiguration;
			buildSettings = {
				ALWAYS_SEARCH_USER_PATHS = NO;
				CLANG_ANALYZER_NONNULL = YES;
				CLANG_ANALYZER_NUMBER_OBJECT_CONVERSION = YES_AGGRESSIVE;
				CLANG_CXX_LANGUAGE_STANDARD = "gnu++14";
				CLANG_CXX_LIBRARY = "libc++";
				CLANG_ENABLE_MODULES = YES;
				CLANG_ENABLE_OBJC_ARC = YES;
				CLANG_ENABLE_OBJC_WEAK = YES;
				CLANG_WARN_BLOCK_CAPTURE_AUTORELEASING = YES;
				CLANG_WARN_BOOL_CONVERSION = YES;
				CLANG_WARN_COMMA = YES;
				CLANG_WARN_CONSTANT_CONVERSION = YES;
				CLANG_WARN_DEPRECATED_OBJC_IMPLEMENTATIONS = YES;
				CLANG_WARN_DIRECT_OBJC_ISA_USAGE = YES_ERROR;
				CLANG_WARN_DOCUMENTATION_COMMENTS = YES;
				CLANG_WARN_EMPTY_BODY = YES;
				CLANG_WARN_ENUM_CONVERSION = YES;
				CLANG_WARN_INFINITE_RECURSION = YES;
				CLANG_WARN_INT_CONVERSION = YES;
				CLANG_WARN_NON_LITERAL_NULL_CONVERSION = YES;
				CLANG_WARN_OBJC_IMPLICIT_RETAIN_SELF = YES;
				CLANG_WARN_OBJC_LITERAL_CONVERSION = YES;
				CLANG_WARN_OBJC_ROOT_CLASS = YES_ERROR;
				CLANG_WARN_QUOTED_INCLUDE_IN_FRAMEWORK_HEADER = YES;
				CLANG_WARN_RANGE_LOOP_ANALYSIS = YES;
				CLANG_WARN_STRICT_PROTOTYPES = YES;
				CLANG_WARN_SUSPICIOUS_MOVE = YES;
				CLANG_WARN_UNGUARDED_AVAILABILITY = YES_AGGRESSIVE;
				CLANG_WARN_UNREACHABLE_CODE = YES;
				CLANG_WARN__DUPLICATE_METHOD_MATCH = YES;
				COPY_PHASE_STRIP = NO;
				DEBUG_INFORMATION_FORMAT = dwarf;
				ENABLE_STRICT_OBJC_MSGSEND = YES;
				ENABLE_TESTABILITY = YES;
				GCC_C_LANGUAGE_STANDARD = gnu11;
				GCC_DYNAMIC_NO_PIC = NO;
				GCC_NO_COMMON_BLOCKS = YES;
				GCC_OPTIMIZATION_LEVEL = 0;
				GCC_PREPROCESSOR_DEFINITIONS = (
					"DEBUG=1",
					"$(inherited)",
				);
				GCC_WARN_64_TO_32_BIT_CONVERSION = YES;
				GCC_WARN_ABOUT_RETURN_TYPE = YES_ERROR;
				GCC_WARN_UNDECLARED_SELECTOR = YES;
				GCC_WARN_UNINITIALIZED_AUTOS = YES_AGGRESSIVE;
				GCC_WARN_UNUSED_FUNCTION = YES;
				GCC_WARN_UNUSED_VARIABLE = YES;
				IPHONEOS_DEPLOYMENT_TARGET = 14.5;
				MTL_ENABLE_DEBUG_INFO = INCLUDE_SOURCE;
				MTL_FAST_MATH = YES;
				ONLY_ACTIVE_ARCH = YES;
				SDKROOT = iphoneos;
				SWIFT_ACTIVE_COMPILATION_CONDITIONS = DEBUG;
				SWIFT_OPTIMIZATION_LEVEL = "-Onone";
			};
			name = Debug;
		};
		D7C6F7F626B8D33D009198C1 /* Release */ = {
			isa = XCBuildConfiguration;
			buildSettings = {
				ALWAYS_SEARCH_USER_PATHS = NO;
				CLANG_ANALYZER_NONNULL = YES;
				CLANG_ANALYZER_NUMBER_OBJECT_CONVERSION = YES_AGGRESSIVE;
				CLANG_CXX_LANGUAGE_STANDARD = "gnu++14";
				CLANG_CXX_LIBRARY = "libc++";
				CLANG_ENABLE_MODULES = YES;
				CLANG_ENABLE_OBJC_ARC = YES;
				CLANG_ENABLE_OBJC_WEAK = YES;
				CLANG_WARN_BLOCK_CAPTURE_AUTORELEASING = YES;
				CLANG_WARN_BOOL_CONVERSION = YES;
				CLANG_WARN_COMMA = YES;
				CLANG_WARN_CONSTANT_CONVERSION = YES;
				CLANG_WARN_DEPRECATED_OBJC_IMPLEMENTATIONS = YES;
				CLANG_WARN_DIRECT_OBJC_ISA_USAGE = YES_ERROR;
				CLANG_WARN_DOCUMENTATION_COMMENTS = YES;
				CLANG_WARN_EMPTY_BODY = YES;
				CLANG_WARN_ENUM_CONVERSION = YES;
				CLANG_WARN_INFINITE_RECURSION = YES;
				CLANG_WARN_INT_CONVERSION = YES;
				CLANG_WARN_NON_LITERAL_NULL_CONVERSION = YES;
				CLANG_WARN_OBJC_IMPLICIT_RETAIN_SELF = YES;
				CLANG_WARN_OBJC_LITERAL_CONVERSION = YES;
				CLANG_WARN_OBJC_ROOT_CLASS = YES_ERROR;
				CLANG_WARN_QUOTED_INCLUDE_IN_FRAMEWORK_HEADER = YES;
				CLANG_WARN_RANGE_LOOP_ANALYSIS = YES;
				CLANG_WARN_STRICT_PROTOTYPES = YES;
				CLANG_WARN_SUSPICIOUS_MOVE = YES;
				CLANG_WARN_UNGUARDED_AVAILABILITY = YES_AGGRESSIVE;
				CLANG_WARN_UNREACHABLE_CODE = YES;
				CLANG_WARN__DUPLICATE_METHOD_MATCH = YES;
				COPY_PHASE_STRIP = NO;
				DEBUG_INFORMATION_FORMAT = "dwarf-with-dsym";
				ENABLE_NS_ASSERTIONS = NO;
				ENABLE_STRICT_OBJC_MSGSEND = YES;
				GCC_C_LANGUAGE_STANDARD = gnu11;
				GCC_NO_COMMON_BLOCKS = YES;
				GCC_WARN_64_TO_32_BIT_CONVERSION = YES;
				GCC_WARN_ABOUT_RETURN_TYPE = YES_ERROR;
				GCC_WARN_UNDECLARED_SELECTOR = YES;
				GCC_WARN_UNINITIALIZED_AUTOS = YES_AGGRESSIVE;
				GCC_WARN_UNUSED_FUNCTION = YES;
				GCC_WARN_UNUSED_VARIABLE = YES;
				IPHONEOS_DEPLOYMENT_TARGET = 14.5;
				MTL_ENABLE_DEBUG_INFO = NO;
				MTL_FAST_MATH = YES;
				SDKROOT = iphoneos;
				SWIFT_COMPILATION_MODE = wholemodule;
				SWIFT_OPTIMIZATION_LEVEL = "-O";
				VALIDATE_PRODUCT = YES;
			};
			name = Release;
		};
		D7C6F7F826B8D33D009198C1 /* Debug */ = {
			isa = XCBuildConfiguration;
			buildSettings = {
				ASSETCATALOG_COMPILER_APPICON_NAME = AppIcon;
				ASSETCATALOG_COMPILER_GLOBAL_ACCENT_COLOR_NAME = AccentColor;
				CODE_SIGN_STYLE = Automatic;
				DEVELOPMENT_TEAM = AUF4WKFYV4;
				INFOPLIST_FILE = "Quiz Alarm/Info.plist";
				LD_RUNPATH_SEARCH_PATHS = (
					"$(inherited)",
					"@executable_path/Frameworks",
				);
				PRODUCT_BUNDLE_IDENTIFIER = "edu.harvard.Quiz-Alarm";
				PRODUCT_NAME = "$(TARGET_NAME)";
				SWIFT_VERSION = 5.0;
				TARGETED_DEVICE_FAMILY = "1,2";
			};
			name = Debug;
		};
		D7C6F7F926B8D33D009198C1 /* Release */ = {
			isa = XCBuildConfiguration;
			buildSettings = {
				ASSETCATALOG_COMPILER_APPICON_NAME = AppIcon;
				ASSETCATALOG_COMPILER_GLOBAL_ACCENT_COLOR_NAME = AccentColor;
				CODE_SIGN_STYLE = Automatic;
				DEVELOPMENT_TEAM = AUF4WKFYV4;
				INFOPLIST_FILE = "Quiz Alarm/Info.plist";
				LD_RUNPATH_SEARCH_PATHS = (
					"$(inherited)",
					"@executable_path/Frameworks",
				);
				PRODUCT_BUNDLE_IDENTIFIER = "edu.harvard.Quiz-Alarm";
				PRODUCT_NAME = "$(TARGET_NAME)";
				SWIFT_VERSION = 5.0;
				TARGETED_DEVICE_FAMILY = "1,2";
			};
			name = Release;
		};
/* End XCBuildConfiguration section */

/* Begin XCConfigurationList section */
		D7C6F7DE26B8D32F009198C1 /* Build configuration list for PBXProject "Quiz Alarm" */ = {
			isa = XCConfigurationList;
			buildConfigurations = (
				D7C6F7F526B8D33D009198C1 /* Debug */,
				D7C6F7F626B8D33D009198C1 /* Release */,
			);
			defaultConfigurationIsVisible = 0;
			defaultConfigurationName = Release;
		};
		D7C6F7F726B8D33D009198C1 /* Build configuration list for PBXNativeTarget "Quiz Alarm" */ = {
			isa = XCConfigurationList;
			buildConfigurations = (
				D7C6F7F826B8D33D009198C1 /* Debug */,
				D7C6F7F926B8D33D009198C1 /* Release */,
			);
			defaultConfigurationIsVisible = 0;
			defaultConfigurationName = Release;
		};
/* End XCConfigurationList section */
	};
	rootObject = D7C6F7DB26B8D32F009198C1 /* Project object */;
}
